
Microsoft Visual Studio Solution File, Format Version 12.00
# Visual Studio Version 16
VisualStudioVersion = 16.0.31313.79
MinimumVisualStudioVersion = 10.0.40219.1
Project("{2150E333-8FDC-42A3-9474-1A3956D46DE8}") = "src", "src", "{33283A8C-BC6D-4E92-89C1-637A3CD3286D}"
EndProject
Project("{2150E333-8FDC-42A3-9474-1A3956D46DE8}") = "tests", "tests", "{0CAE217E-E528-44EC-BBED-06031C572CF0}"
EndProject
Project("{2150E333-8FDC-42A3-9474-1A3956D46DE8}") = "sql", "sql", "{46AD7434-D055-434B-BF1B-B32ABA7DB285}"
EndProject
Project("{9A19103F-16F7-4668-BE54-9A1E7A4F7556}") = "DevIO.Api", "DevIO.Api\DevIO.Api.csproj", "{70BF7A9D-107E-4380-BAE2-74D78DD47489}"
EndProject
Project("{9A19103F-16F7-4668-BE54-9A1E7A4F7556}") = "DevIO.Business", "..\..\API - FInalizada\API\src\DevIO.Business\DevIO.Business.csproj", "{255E6506-F583-48C1-85FD-D966EFFDE44B}"
EndProject
Project("{9A19103F-16F7-4668-BE54-9A1E7A4F7556}") = "DevIO.Data", "..\..\API - FInalizada\API\src\DevIO.Data\DevIO.Data.csproj", "{B7A58A41-8C00-4AC8-9C53-C85727EFE82A}"
EndProject
Global
	GlobalSection(SolutionConfigurationPlatforms) = preSolution
		Debug|Any CPU = Debug|Any CPU
		Release|Any CPU = Release|Any CPU
	EndGlobalSection
	GlobalSection(ProjectConfigurationPlatforms) = postSolution
		{70BF7A9D-107E-4380-BAE2-74D78DD47489}.Debug|Any CPU.ActiveCfg = Debug|Any CPU
		{70BF7A9D-107E-4380-BAE2-74D78DD47489}.Debug|Any CPU.Build.0 = Debug|Any CPU
		{70BF7A9D-107E-4380-BAE2-74D78DD47489}.Release|Any CPU.ActiveCfg = Release|Any CPU
		{70BF7A9D-107E-4380-BAE2-74D78DD47489}.Release|Any CPU.Build.0 = Release|Any CPU
		{255E6506-F583-48C1-85FD-D966EFFDE44B}.Debug|Any CPU.ActiveCfg = Debug|Any CPU
		{255E6506-F583-48C1-85FD-D966EFFDE44B}.Debug|Any CPU.Build.0 = Debug|Any CPU
		{255E6506-F583-48C1-85FD-D966EFFDE44B}.Release|Any CPU.ActiveCfg = Release|Any CPU
		{255E6506-F583-48C1-85FD-D966EFFDE44B}.Release|Any CPU.Build.0 = Release|Any CPU
		{B7A58A41-8C00-4AC8-9C53-C85727EFE82A}.Debug|Any CPU.ActiveCfg = Debug|Any CPU
		{B7A58A41-8C00-4AC8-9C53-C85727EFE82A}.Debug|Any CPU.Build.0 = Debug|Any CPU
		{B7A58A41-8C00-4AC8-9C53-C85727EFE82A}.Release|Any CPU.ActiveCfg = Release|Any CPU
		{B7A58A41-8C00-4AC8-9C53-C85727EFE82A}.Release|Any CPU.Build.0 = Release|Any CPU
	EndGlobalSection
	GlobalSection(SolutionProperties) = preSolution
		HideSolutionNode = FALSE
	EndGlobalSection
	GlobalSection(NestedProjects) = preSolution
		{70BF7A9D-107E-4380-BAE2-74D78DD47489} = {33283A8C-BC6D-4E92-89C1-637A3CD3286D}
		{255E6506-F583-48C1-85FD-D966EFFDE44B} = {33283A8C-BC6D-4E92-89C1-637A3CD3286D}
		{B7A58A41-8C00-4AC8-9C53-C85727EFE82A} = {33283A8C-BC6D-4E92-89C1-637A3CD3286D}
	EndGlobalSection
	GlobalSection(ExtensibilityGlobals) = postSolution
		SolutionGuid = {16F79449-9F7E-497F-A755-33D24EC8D56F}
	EndGlobalSection
EndGlobal
